
Microsoft Visual Studio Solution File, Format Version 12.00
# Visual Studio Version 16
VisualStudioVersion = 16.0.30011.22
MinimumVisualStudioVersion = 10.0.40219.1
Project("{FAE04EC0-301F-11D3-BF4B-00C04F79EFBC}") = "ASP.NETCORE-TP", "ASP.NETCORE-TP\ASP.NETCORE-TP.csproj", "{630B45CC-D3C2-4326-AAF9-576252B54E20}"
EndProject
Global
	GlobalSection(SolutionConfigurationPlatforms) = preSolution
		Debug|Any CPU = Debug|Any CPU
		Release|Any CPU = Release|Any CPU
	EndGlobalSection
	GlobalSection(ProjectConfigurationPlatforms) = postSolution
		{630B45CC-D3C2-4326-AAF9-576252B54E20}.Debug|Any CPU.ActiveCfg = Debug|Any CPU
		{630B45CC-D3C2-4326-AAF9-576252B54E20}.Debug|Any CPU.Build.0 = Debug|Any CPU
		{630B45CC-D3C2-4326-AAF9-576252B54E20}.Release|Any CPU.ActiveCfg = Release|Any CPU
		{630B45CC-D3C2-4326-AAF9-576252B54E20}.Release|Any CPU.Build.0 = Release|Any CPU
	EndGlobalSection
	GlobalSection(SolutionProperties) = preSolution
		HideSolutionNode = FALSE
	EndGlobalSection
	GlobalSection(ExtensibilityGlobals) = postSolution
		SolutionGuid = {7D96C403-B09B-4208-970B-0F0CC36EA1CC}
	EndGlobalSection
EndGlobal
